
Microsoft Visual Studio Solution File, Format Version 12.00
# Visual Studio Version 17
VisualStudioVersion = 17.5.002.0
MinimumVisualStudioVersion = 10.0.40219.1
Project("{9A19103F-16F7-4668-BE54-9A1E7A4F7556}") = "Curso", "CursoP.csproj", "{5985A48A-39DE-4241-8300-A93C7476BC82}"
EndProject
Global
	GlobalSection(SolutionConfigurationPlatforms) = preSolution
		Debug|Any CPU = Debug|Any CPU
		Release|Any CPU = Release|Any CPU
	EndGlobalSection
	GlobalSection(ProjectConfigurationPlatforms) = postSolution
		{5985A48A-39DE-4241-8300-A93C7476BC82}.Debug|Any CPU.ActiveCfg = Debug|Any CPU
		{5985A48A-39DE-4241-8300-A93C7476BC82}.Debug|Any CPU.Build.0 = Debug|Any CPU
		{5985A48A-39DE-4241-8300-A93C7476BC82}.Release|Any CPU.ActiveCfg = Release|Any CPU
		{5985A48A-39DE-4241-8300-A93C7476BC82}.Release|Any CPU.Build.0 = Release|Any CPU
	EndGlobalSection
	GlobalSection(SolutionProperties) = preSolution
		HideSolutionNode = FALSE
	EndGlobalSection
	GlobalSection(ExtensibilityGlobals) = postSolution
		SolutionGuid = {DDDD36F2-30E4-4B6D-B5D5-B6CA3E0FA1AE}
	EndGlobalSection
EndGlobal
